// !$*UTF8*$!
{
	archiveVersion = 1;
	classes = {
	};
	objectVersion = 50;
	objects = {

/* Begin PBXBuildFile section */
		68157DE626A17FAE00281589 /* main.cpp in Sources */ = {isa = PBXBuildFile; fileRef = 68157DE526A17FAE00281589 /* main.cpp */; };
		68157DFA26A18BAE00281589 /* mission.cpp in Sources */ = {isa = PBXBuildFile; fileRef = 68157DF826A18BAE00281589 /* mission.cpp */; };
		68157DFD26A18BDB00281589 /* cooldown.cpp in Sources */ = {isa = PBXBuildFile; fileRef = 68157DFB26A18BDB00281589 /* cooldown.cpp */; };
		68157E0026A18C0500281589 /* timer.cpp in Sources */ = {isa = PBXBuildFile; fileRef = 68157DFE26A18C0500281589 /* timer.cpp */; };
		6880EBB326A5C4FB0083E538 /* item.cpp in Sources */ = {isa = PBXBuildFile; fileRef = 6880EBB126A5C4FB0083E538 /* item.cpp */; };
		68817B1B26A6469E006FC791 /* creature.cpp in Sources */ = {isa = PBXBuildFile; fileRef = 68817B1926A6469E006FC791 /* creature.cpp */; };
/* End PBXBuildFile section */

/* Begin PBXCopyFilesBuildPhase section */
		68157DE026A17FAE00281589 /* CopyFiles */ = {
			isa = PBXCopyFilesBuildPhase;
			buildActionMask = 2147483647;
			dstPath = /usr/share/man/man1/;
			dstSubfolderSpec = 0;
			files = (
			);
			runOnlyForDeploymentPostprocessing = 1;
		};
/* End PBXCopyFilesBuildPhase section */

/* Begin PBXFileReference section */
		68157DE226A17FAE00281589 /* cogame */ = {isa = PBXFileReference; explicitFileType = "compiled.mach-o.executable"; includeInIndex = 0; path = cogame; sourceTree = BUILT_PRODUCTS_DIR; };
		68157DE526A17FAE00281589 /* main.cpp */ = {isa = PBXFileReference; lastKnownFileType = sourcecode.cpp.cpp; path = main.cpp; sourceTree = "<group>"; };
		68157DF826A18BAE00281589 /* mission.cpp */ = {isa = PBXFileReference; lastKnownFileType = sourcecode.cpp.cpp; path = mission.cpp; sourceTree = "<group>"; };
		68157DF926A18BAE00281589 /* mission.hpp */ = {isa = PBXFileReference; lastKnownFileType = sourcecode.cpp.h; path = mission.hpp; sourceTree = "<group>"; };
		68157DFB26A18BDB00281589 /* cooldown.cpp */ = {isa = PBXFileReference; lastKnownFileType = sourcecode.cpp.cpp; path = cooldown.cpp; sourceTree = "<group>"; };
		68157DFC26A18BDB00281589 /* cooldown.hpp */ = {isa = PBXFileReference; lastKnownFileType = sourcecode.cpp.h; path = cooldown.hpp; sourceTree = "<group>"; };
		68157DFE26A18C0500281589 /* timer.cpp */ = {isa = PBXFileReference; lastKnownFileType = sourcecode.cpp.cpp; path = timer.cpp; sourceTree = "<group>"; };
		68157DFF26A18C0500281589 /* timer.hpp */ = {isa = PBXFileReference; lastKnownFileType = sourcecode.cpp.h; path = timer.hpp; sourceTree = "<group>"; };
		6880EBB126A5C4FB0083E538 /* item.cpp */ = {isa = PBXFileReference; lastKnownFileType = sourcecode.cpp.cpp; path = item.cpp; sourceTree = "<group>"; };
		6880EBB226A5C4FB0083E538 /* item.hpp */ = {isa = PBXFileReference; lastKnownFileType = sourcecode.cpp.h; path = item.hpp; sourceTree = "<group>"; };
		68817B1926A6469E006FC791 /* creature.cpp */ = {isa = PBXFileReference; lastKnownFileType = sourcecode.cpp.cpp; path = creature.cpp; sourceTree = "<group>"; };
		68817B1A26A6469E006FC791 /* creature.hpp */ = {isa = PBXFileReference; lastKnownFileType = sourcecode.cpp.h; path = creature.hpp; sourceTree = "<group>"; };
		68817B1D26A67302006FC791 /* common.hpp */ = {isa = PBXFileReference; lastKnownFileType = sourcecode.cpp.h; path = common.hpp; sourceTree = "<group>"; };
/* End PBXFileReference section */

/* Begin PBXFrameworksBuildPhase section */
		68157DDF26A17FAE00281589 /* Frameworks */ = {
			isa = PBXFrameworksBuildPhase;
			buildActionMask = 2147483647;
			files = (
			);
			runOnlyForDeploymentPostprocessing = 0;
		};
/* End PBXFrameworksBuildPhase section */

/* Begin PBXGroup section */
		68157DD926A17FAE00281589 = {
			isa = PBXGroup;
			children = (
				68157DE426A17FAE00281589 /* cogame */,
				68157DE326A17FAE00281589 /* Products */,
			);
			sourceTree = "<group>";
		};
		68157DE326A17FAE00281589 /* Products */ = {
			isa = PBXGroup;
			children = (
				68157DE226A17FAE00281589 /* cogame */,
			);
			name = Products;
			sourceTree = "<group>";
		};
		68157DE426A17FAE00281589 /* cogame */ = {
			isa = PBXGroup;
			children = (
				68157DE526A17FAE00281589 /* main.cpp */,
				68817B1D26A67302006FC791 /* common.hpp */,
				68157DF826A18BAE00281589 /* mission.cpp */,
				68157DF926A18BAE00281589 /* mission.hpp */,
				6880EBB126A5C4FB0083E538 /* item.cpp */,
				6880EBB226A5C4FB0083E538 /* item.hpp */,
				68817B1926A6469E006FC791 /* creature.cpp */,
				68817B1A26A6469E006FC791 /* creature.hpp */,
				68157DFB26A18BDB00281589 /* cooldown.cpp */,
				68157DFC26A18BDB00281589 /* cooldown.hpp */,
				68157DFE26A18C0500281589 /* timer.cpp */,
				68157DFF26A18C0500281589 /* timer.hpp */,
			);
			path = cogame;
			sourceTree = "<group>";
		};
/* End PBXGroup section */

/* Begin PBXNativeTarget section */
		68157DE126A17FAE00281589 /* cogame */ = {
			isa = PBXNativeTarget;
			buildConfigurationList = 68157DE926A17FAE00281589 /* Build configuration list for PBXNativeTarget "cogame" */;
			buildPhases = (
				68157DDE26A17FAE00281589 /* Sources */,
				68157DDF26A17FAE00281589 /* Frameworks */,
				68157DE026A17FAE00281589 /* CopyFiles */,
			);
			buildRules = (
			);
			dependencies = (
			);
			name = cogame;
			productName = cogame;
			productReference = 68157DE226A17FAE00281589 /* cogame */;
			productType = "com.apple.product-type.tool";
		};
/* End PBXNativeTarget section */

/* Begin PBXProject section */
		68157DDA26A17FAE00281589 /* Project object */ = {
			isa = PBXProject;
			attributes = {
				LastUpgradeCheck = 1250;
				TargetAttributes = {
					68157DE126A17FAE00281589 = {
						CreatedOnToolsVersion = 12.5.1;
					};
				};
			};
			buildConfigurationList = 68157DDD26A17FAE00281589 /* Build configuration list for PBXProject "cogame" */;
			compatibilityVersion = "Xcode 9.3";
			developmentRegion = en;
			hasScannedForEncodings = 0;
			knownRegions = (
				en,
				Base,
			);
			mainGroup = 68157DD926A17FAE00281589;
			productRefGroup = 68157DE326A17FAE00281589 /* Products */;
			projectDirPath = "";
			projectRoot = "";
			targets = (
				68157DE126A17FAE00281589 /* cogame */,
			);
		};
/* End PBXProject section */

/* Begin PBXSourcesBuildPhase section */
		68157DDE26A17FAE00281589 /* Sources */ = {
			isa = PBXSourcesBuildPhase;
			buildActionMask = 2147483647;
			files = (
				68157DE626A17FAE00281589 /* main.cpp in Sources */,
				68157DFA26A18BAE00281589 /* mission.cpp in Sources */,
				68817B1B26A6469E006FC791 /* creature.cpp in Sources */,
				68157DFD26A18BDB00281589 /* cooldown.cpp in Sources */,
				6880EBB326A5C4FB0083E538 /* item.cpp in Sources */,
				68157E0026A18C0500281589 /* timer.cpp in Sources */,
			);
			runOnlyForDeploymentPostprocessing = 0;
		};
/* End PBXSourcesBuildPhase section */

/* Begin XCBuildConfiguration section */
		68157DE726A17FAE00281589 /* Debug */ = {
			isa = XCBuildConfiguration;
			buildSettings = {
				ALWAYS_SEARCH_USER_PATHS = NO;
				CLANG_ANALYZER_NONNULL = YES;
				CLANG_ANALYZER_NUMBER_OBJECT_CONVERSION = YES_AGGRESSIVE;
				CLANG_CXX_LANGUAGE_STANDARD = "gnu++14";
				CLANG_CXX_LIBRARY = "libc++";
				CLANG_ENABLE_MODULES = YES;
				CLANG_ENABLE_OBJC_ARC = YES;
				CLANG_ENABLE_OBJC_WEAK = YES;
				CLANG_WARN_BLOCK_CAPTURE_AUTORELEASING = YES;
				CLANG_WARN_BOOL_CONVERSION = YES;
				CLANG_WARN_COMMA = YES;
				CLANG_WARN_CONSTANT_CONVERSION = YES;
				CLANG_WARN_DEPRECATED_OBJC_IMPLEMENTATIONS = YES;
				CLANG_WARN_DIRECT_OBJC_ISA_USAGE = YES_ERROR;
				CLANG_WARN_DOCUMENTATION_COMMENTS = YES;
				CLANG_WARN_EMPTY_BODY = YES;
				CLANG_WARN_ENUM_CONVERSION = YES;
				CLANG_WARN_INFINITE_RECURSION = YES;
				CLANG_WARN_INT_CONVERSION = YES;
				CLANG_WARN_NON_LITERAL_NULL_CONVERSION = YES;
				CLANG_WARN_OBJC_IMPLICIT_RETAIN_SELF = YES;
				CLANG_WARN_OBJC_LITERAL_CONVERSION = YES;
				CLANG_WARN_OBJC_ROOT_CLASS = YES_ERROR;
				CLANG_WARN_QUOTED_INCLUDE_IN_FRAMEWORK_HEADER = YES;
				CLANG_WARN_RANGE_LOOP_ANALYSIS = YES;
				CLANG_WARN_STRICT_PROTOTYPES = YES;
				CLANG_WARN_SUSPICIOUS_MOVE = YES;
				CLANG_WARN_UNGUARDED_AVAILABILITY = YES_AGGRESSIVE;
				CLANG_WARN_UNREACHABLE_CODE = YES;
				CLANG_WARN__DUPLICATE_METHOD_MATCH = YES;
				COPY_PHASE_STRIP = NO;
				DEBUG_INFORMATION_FORMAT = dwarf;
				ENABLE_STRICT_OBJC_MSGSEND = YES;
				ENABLE_TESTABILITY = YES;
				GCC_C_LANGUAGE_STANDARD = gnu11;
				GCC_DYNAMIC_NO_PIC = NO;
				GCC_NO_COMMON_BLOCKS = YES;
				GCC_OPTIMIZATION_LEVEL = 0;
				GCC_PREPROCESSOR_DEFINITIONS = (
					"DEBUG=1",
					"$(inherited)",
				);
				GCC_WARN_64_TO_32_BIT_CONVERSION = YES;
				GCC_WARN_ABOUT_RETURN_TYPE = YES_ERROR;
				GCC_WARN_UNDECLARED_SELECTOR = YES;
				GCC_WARN_UNINITIALIZED_AUTOS = YES_AGGRESSIVE;
				GCC_WARN_UNUSED_FUNCTION = YES;
				GCC_WARN_UNUSED_VARIABLE = YES;
				MACOSX_DEPLOYMENT_TARGET = 11.0;
				MTL_ENABLE_DEBUG_INFO = INCLUDE_SOURCE;
				MTL_FAST_MATH = YES;
				ONLY_ACTIVE_ARCH = YES;
				SDKROOT = macosx;
			};
			name = Debug;
		};
		68157DE826A17FAE00281589 /* Release */ = {
			isa = XCBuildConfiguration;
			buildSettings = {
				ALWAYS_SEARCH_USER_PATHS = NO;
				CLANG_ANALYZER_NONNULL = YES;
				CLANG_ANALYZER_NUMBER_OBJECT_CONVERSION = YES_AGGRESSIVE;
				CLANG_CXX_LANGUAGE_STANDARD = "gnu++14";
				CLANG_CXX_LIBRARY = "libc++";
				CLANG_ENABLE_MODULES = YES;
				CLANG_ENABLE_OBJC_ARC = YES;
				CLANG_ENABLE_OBJC_WEAK = YES;
				CLANG_WARN_BLOCK_CAPTURE_AUTORELEASING = YES;
				CLANG_WARN_BOOL_CONVERSION = YES;
				CLANG_WARN_COMMA = YES;
				CLANG_WARN_CONSTANT_CONVERSION = YES;
				CLANG_WARN_DEPRECATED_OBJC_IMPLEMENTATIONS = YES;
				CLANG_WARN_DIRECT_OBJC_ISA_USAGE = YES_ERROR;
				CLANG_WARN_DOCUMENTATION_COMMENTS = YES;
				CLANG_WARN_EMPTY_BODY = YES;
				CLANG_WARN_ENUM_CONVERSION = YES;
				CLANG_WARN_INFINITE_RECURSION = YES;
				CLANG_WARN_INT_CONVERSION = YES;
				CLANG_WARN_NON_LITERAL_NULL_CONVERSION = YES;
				CLANG_WARN_OBJC_IMPLICIT_RETAIN_SELF = YES;
				CLANG_WARN_OBJC_LITERAL_CONVERSION = YES;
				CLANG_WARN_OBJC_ROOT_CLASS = YES_ERROR;
				CLANG_WARN_QUOTED_INCLUDE_IN_FRAMEWORK_HEADER = YES;
				CLANG_WARN_RANGE_LOOP_ANALYSIS = YES;
				CLANG_WARN_STRICT_PROTOTYPES = YES;
				CLANG_WARN_SUSPICIOUS_MOVE = YES;
				CLANG_WARN_UNGUARDED_AVAILABILITY = YES_AGGRESSIVE;
				CLANG_WARN_UNREACHABLE_CODE = YES;
				CLANG_WARN__DUPLICATE_METHOD_MATCH = YES;
				COPY_PHASE_STRIP = NO;
				DEBUG_INFORMATION_FORMAT = "dwarf-with-dsym";
				ENABLE_NS_ASSERTIONS = NO;
				ENABLE_STRICT_OBJC_MSGSEND = YES;
				GCC_C_LANGUAGE_STANDARD = gnu11;
				GCC_NO_COMMON_BLOCKS = YES;
				GCC_WARN_64_TO_32_BIT_CONVERSION = YES;
				GCC_WARN_ABOUT_RETURN_TYPE = YES_ERROR;
				GCC_WARN_UNDECLARED_SELECTOR = YES;
				GCC_WARN_UNINITIALIZED_AUTOS = YES_AGGRESSIVE;
				GCC_WARN_UNUSED_FUNCTION = YES;
				GCC_WARN_UNUSED_VARIABLE = YES;
				MACOSX_DEPLOYMENT_TARGET = 11.0;
				MTL_ENABLE_DEBUG_INFO = NO;
				MTL_FAST_MATH = YES;
				SDKROOT = macosx;
			};
			name = Release;
		};
		68157DEA26A17FAE00281589 /* Debug */ = {
			isa = XCBuildConfiguration;
			buildSettings = {
				CLANG_CXX_LANGUAGE_STANDARD = "c++2a";
				CODE_SIGN_STYLE = Automatic;
				FRAMEWORK_SEARCH_PATHS = "$(BOOST_LIB)";
				GCC_C_LANGUAGE_STANDARD = c11;
				HEADER_SEARCH_PATHS = "$(BOOST_HEADER)";
				PRODUCT_NAME = "$(TARGET_NAME)";
			};
			name = Debug;
		};
		68157DEB26A17FAE00281589 /* Release */ = {
			isa = XCBuildConfiguration;
			buildSettings = {
				CLANG_CXX_LANGUAGE_STANDARD = "c++2a";
				CODE_SIGN_STYLE = Automatic;
				FRAMEWORK_SEARCH_PATHS = "$(BOOST_LIB)";
				GCC_C_LANGUAGE_STANDARD = c11;
				HEADER_SEARCH_PATHS = "$(BOOST_HEADER)";
				PRODUCT_NAME = "$(TARGET_NAME)";
			};
			name = Release;
		};
/* End XCBuildConfiguration section */

/* Begin XCConfigurationList section */
		68157DDD26A17FAE00281589 /* Build configuration list for PBXProject "cogame" */ = {
			isa = XCConfigurationList;
			buildConfigurations = (
				68157DE726A17FAE00281589 /* Debug */,
				68157DE826A17FAE00281589 /* Release */,
			);
			defaultConfigurationIsVisible = 0;
			defaultConfigurationName = Release;
		};
		68157DE926A17FAE00281589 /* Build configuration list for PBXNativeTarget "cogame" */ = {
			isa = XCConfigurationList;
			buildConfigurations = (
				68157DEA26A17FAE00281589 /* Debug */,
				68157DEB26A17FAE00281589 /* Release */,
			);
			defaultConfigurationIsVisible = 0;
			defaultConfigurationName = Release;
		};
/* End XCConfigurationList section */
	};
	rootObject = 68157DDA26A17FAE00281589 /* Project object */;
}
