// !$*UTF8*$!
{
	archiveVersion = 1;
	classes = {
	};
	objectVersion = 50;
	objects = {

/* Begin PBXBuildFile section */
		68157DE626A17FAE00281589 /* main.cpp in Sources */ = {isa = PBXBuildFile; fileRef = 68157DE526A17FAE00281589 /* main.cpp */; };
		68157DFD26A18BDB00281589 /* cooldown.cpp in Sources */ = {isa = PBXBuildFile; fileRef = 68157DFB26A18BDB00281589 /* cooldown.cpp */; };
		68157E0026A18C0500281589 /* timer.cpp in Sources */ = {isa = PBXBuildFile; fileRef = 68157DFE26A18C0500281589 /* timer.cpp */; };
		6836C4DC26A6B2BA00F07205 /* base_property.cpp in Sources */ = {isa = PBXBuildFile; fileRef = 6836C4DA26A6B2BA00F07205 /* base_property.cpp */; };
		6836C4F726A6C6D500F07205 /* AppDelegate.m in Sources */ = {isa = PBXBuildFile; fileRef = 6836C4F626A6C6D500F07205 /* AppDelegate.m */; };
		6836C4FA26A6C6D500F07205 /* SceneDelegate.m in Sources */ = {isa = PBXBuildFile; fileRef = 6836C4F926A6C6D500F07205 /* SceneDelegate.m */; };
		6836C4FD26A6C6D500F07205 /* ViewController.mm in Sources */ = {isa = PBXBuildFile; fileRef = 6836C4FC26A6C6D500F07205 /* ViewController.mm */; };
		6836C50026A6C6D500F07205 /* Main.storyboard in Resources */ = {isa = PBXBuildFile; fileRef = 6836C4FE26A6C6D500F07205 /* Main.storyboard */; };
		6836C50226A6C6D600F07205 /* Assets.xcassets in Resources */ = {isa = PBXBuildFile; fileRef = 6836C50126A6C6D600F07205 /* Assets.xcassets */; };
		6836C50526A6C6D600F07205 /* LaunchScreen.storyboard in Resources */ = {isa = PBXBuildFile; fileRef = 6836C50326A6C6D600F07205 /* LaunchScreen.storyboard */; };
		6836C50826A6C6D600F07205 /* main.m in Sources */ = {isa = PBXBuildFile; fileRef = 6836C50726A6C6D600F07205 /* main.m */; };
		6836C50C26A6C7C200F07205 /* base_property.cpp in Sources */ = {isa = PBXBuildFile; fileRef = 6836C4DA26A6B2BA00F07205 /* base_property.cpp */; };
		6836C51026A6C7CC00F07205 /* creature.cpp in Sources */ = {isa = PBXBuildFile; fileRef = 68817B1926A6469E006FC791 /* creature.cpp */; };
		6836C51126A6C7CC00F07205 /* cooldown.cpp in Sources */ = {isa = PBXBuildFile; fileRef = 68157DFB26A18BDB00281589 /* cooldown.cpp */; };
		6836C51426A6C7CC00F07205 /* timer.cpp in Sources */ = {isa = PBXBuildFile; fileRef = 68157DFE26A18C0500281589 /* timer.cpp */; };
		6836C51626A6C7CC00F07205 /* item.cpp in Sources */ = {isa = PBXBuildFile; fileRef = 6880EBB126A5C4FB0083E538 /* item.cpp */; };
		6836C51A26A6CFA300F07205 /* item_table.cpp in Sources */ = {isa = PBXBuildFile; fileRef = 6836C51826A6CFA300F07205 /* item_table.cpp */; };
		6836C51E26A6D40F00F07205 /* user_item_table.cpp in Sources */ = {isa = PBXBuildFile; fileRef = 6836C51C26A6D40F00F07205 /* user_item_table.cpp */; };
		6836C52326A6D5F200F07205 /* user_item_table.cpp in Sources */ = {isa = PBXBuildFile; fileRef = 6836C51C26A6D40F00F07205 /* user_item_table.cpp */; };
		684E9C5E26A7BC8200F85CC6 /* creature_table.cpp in Sources */ = {isa = PBXBuildFile; fileRef = 684E9C5C26A7BC8200F85CC6 /* creature_table.cpp */; };
		6880EBB326A5C4FB0083E538 /* item.cpp in Sources */ = {isa = PBXBuildFile; fileRef = 6880EBB126A5C4FB0083E538 /* item.cpp */; };
		68817B1B26A6469E006FC791 /* creature.cpp in Sources */ = {isa = PBXBuildFile; fileRef = 68817B1926A6469E006FC791 /* creature.cpp */; };
		688F356926D8C33E006157B5 /* vector.cpp in Sources */ = {isa = PBXBuildFile; fileRef = 688F356726D8C33E006157B5 /* vector.cpp */; };
		688F356C26D8C355006157B5 /* aoi_point.cpp in Sources */ = {isa = PBXBuildFile; fileRef = 688F356A26D8C355006157B5 /* aoi_point.cpp */; };
		688F357126D8C3A8006157B5 /* aoi_hexagon.cpp in Sources */ = {isa = PBXBuildFile; fileRef = 688F356F26D8C3A8006157B5 /* aoi_hexagon.cpp */; };
		688F357526D8C67C006157B5 /* base_description.cpp in Sources */ = {isa = PBXBuildFile; fileRef = 688F357326D8C67C006157B5 /* base_description.cpp */; };
		688F357826D8E3B0006157B5 /* aoi_square.cpp in Sources */ = {isa = PBXBuildFile; fileRef = 688F357626D8E3B0006157B5 /* aoi_square.cpp */; };
		68B59FD626A9122B0083951D /* base_related_quest.cpp in Sources */ = {isa = PBXBuildFile; fileRef = 68B59FD426A9122B0083951D /* base_related_quest.cpp */; };
		68B59FDA26A913E30083951D /* quest.cpp in Sources */ = {isa = PBXBuildFile; fileRef = 68B59FD826A913E30083951D /* quest.cpp */; };
		68B59FDD26A913FC0083951D /* quest_table.cpp in Sources */ = {isa = PBXBuildFile; fileRef = 68B59FDB26A913FC0083951D /* quest_table.cpp */; };
		68B59FE026A91AC20083951D /* quest_requirement.cpp in Sources */ = {isa = PBXBuildFile; fileRef = 68B59FDE26A91AC20083951D /* quest_requirement.cpp */; };
		68B59FE326A943E60083951D /* base_check.cpp in Sources */ = {isa = PBXBuildFile; fileRef = 68B59FE126A943E60083951D /* base_check.cpp */; };
		68B59FE626A945C40083951D /* quest_target.cpp in Sources */ = {isa = PBXBuildFile; fileRef = 68B59FE426A945C40083951D /* quest_target.cpp */; };
		68B59FE926A945CC0083951D /* quest_reward.cpp in Sources */ = {isa = PBXBuildFile; fileRef = 68B59FE726A945CC0083951D /* quest_reward.cpp */; };
		68B59FEC26A949510083951D /* user_quest_table.cpp in Sources */ = {isa = PBXBuildFile; fileRef = 68B59FEA26A949510083951D /* user_quest_table.cpp */; };
		68B59FED26A949830083951D /* user_quest_table.cpp in Sources */ = {isa = PBXBuildFile; fileRef = 68B59FEA26A949510083951D /* user_quest_table.cpp */; };
		68B59FEE26A949870083951D /* base_related_quest.cpp in Sources */ = {isa = PBXBuildFile; fileRef = 68B59FD426A9122B0083951D /* base_related_quest.cpp */; };
		68B59FEF26A9498A0083951D /* base_check.cpp in Sources */ = {isa = PBXBuildFile; fileRef = 68B59FE126A943E60083951D /* base_check.cpp */; };
		68B59FF026A9498D0083951D /* quest_table.cpp in Sources */ = {isa = PBXBuildFile; fileRef = 68B59FDB26A913FC0083951D /* quest_table.cpp */; };
		68B59FF126A9498F0083951D /* quest.cpp in Sources */ = {isa = PBXBuildFile; fileRef = 68B59FD826A913E30083951D /* quest.cpp */; };
		68B59FF226A949940083951D /* quest_reward.cpp in Sources */ = {isa = PBXBuildFile; fileRef = 68B59FE726A945CC0083951D /* quest_reward.cpp */; };
		68B59FF326A949940083951D /* quest_target.cpp in Sources */ = {isa = PBXBuildFile; fileRef = 68B59FE426A945C40083951D /* quest_target.cpp */; };
		68B59FF426A949940083951D /* quest_requirement.cpp in Sources */ = {isa = PBXBuildFile; fileRef = 68B59FDE26A91AC20083951D /* quest_requirement.cpp */; };
		68B59FF526A949980083951D /* item_table.cpp in Sources */ = {isa = PBXBuildFile; fileRef = 6836C51826A6CFA300F07205 /* item_table.cpp */; };
		68B59FF626A9499E0083951D /* creature_table.cpp in Sources */ = {isa = PBXBuildFile; fileRef = 684E9C5C26A7BC8200F85CC6 /* creature_table.cpp */; };
		68B59FF926A94E970083951D /* base_count.cpp in Sources */ = {isa = PBXBuildFile; fileRef = 68B59FF726A94E970083951D /* base_count.cpp */; };
		68B59FFA26A94E9B0083951D /* base_count.cpp in Sources */ = {isa = PBXBuildFile; fileRef = 68B59FF726A94E970083951D /* base_count.cpp */; };
		68B59FFD26A953E80083951D /* quest_requirement_table.cpp in Sources */ = {isa = PBXBuildFile; fileRef = 68B59FFB26A953E80083951D /* quest_requirement_table.cpp */; };
		68B59FFE26A953E80083951D /* quest_requirement_table.cpp in Sources */ = {isa = PBXBuildFile; fileRef = 68B59FFB26A953E80083951D /* quest_requirement_table.cpp */; };
		68B5A00126A958990083951D /* quest_target_table.cpp in Sources */ = {isa = PBXBuildFile; fileRef = 68B59FFF26A958990083951D /* quest_target_table.cpp */; };
		68B5A00226A958990083951D /* quest_target_table.cpp in Sources */ = {isa = PBXBuildFile; fileRef = 68B59FFF26A958990083951D /* quest_target_table.cpp */; };
		68B5A00526A958A10083951D /* quest_reward_table.cpp in Sources */ = {isa = PBXBuildFile; fileRef = 68B5A00326A958A10083951D /* quest_reward_table.cpp */; };
		68B5A00626A958A10083951D /* quest_reward_table.cpp in Sources */ = {isa = PBXBuildFile; fileRef = 68B5A00326A958A10083951D /* quest_reward_table.cpp */; };
/* End PBXBuildFile section */

/* Begin PBXCopyFilesBuildPhase section */
		68157DE026A17FAE00281589 /* CopyFiles */ = {
			isa = PBXCopyFilesBuildPhase;
			buildActionMask = 2147483647;
			dstPath = /usr/share/man/man1/;
			dstSubfolderSpec = 0;
			files = (
			);
			runOnlyForDeploymentPostprocessing = 1;
		};
/* End PBXCopyFilesBuildPhase section */

/* Begin PBXFileReference section */
		68157DE226A17FAE00281589 /* cogame */ = {isa = PBXFileReference; explicitFileType = "compiled.mach-o.executable"; includeInIndex = 0; path = cogame; sourceTree = BUILT_PRODUCTS_DIR; };
		68157DE526A17FAE00281589 /* main.cpp */ = {isa = PBXFileReference; lastKnownFileType = sourcecode.cpp.cpp; path = main.cpp; sourceTree = "<group>"; };
		68157DFB26A18BDB00281589 /* cooldown.cpp */ = {isa = PBXFileReference; lastKnownFileType = sourcecode.cpp.cpp; path = cooldown.cpp; sourceTree = "<group>"; };
		68157DFC26A18BDB00281589 /* cooldown.hpp */ = {isa = PBXFileReference; lastKnownFileType = sourcecode.cpp.h; path = cooldown.hpp; sourceTree = "<group>"; };
		68157DFE26A18C0500281589 /* timer.cpp */ = {isa = PBXFileReference; lastKnownFileType = sourcecode.cpp.cpp; path = timer.cpp; sourceTree = "<group>"; };
		68157DFF26A18C0500281589 /* timer.hpp */ = {isa = PBXFileReference; lastKnownFileType = sourcecode.cpp.h; path = timer.hpp; sourceTree = "<group>"; };
		6836C4D526A6AEB900F07205 /* base.hpp */ = {isa = PBXFileReference; lastKnownFileType = sourcecode.cpp.h; path = base.hpp; sourceTree = "<group>"; };
		6836C4DA26A6B2BA00F07205 /* base_property.cpp */ = {isa = PBXFileReference; lastKnownFileType = sourcecode.cpp.cpp; path = base_property.cpp; sourceTree = "<group>"; };
		6836C4DB26A6B2BA00F07205 /* base_property.hpp */ = {isa = PBXFileReference; lastKnownFileType = sourcecode.cpp.h; path = base_property.hpp; sourceTree = "<group>"; };
		6836C4F326A6C6D500F07205 /* demo.app */ = {isa = PBXFileReference; explicitFileType = wrapper.application; includeInIndex = 0; path = demo.app; sourceTree = BUILT_PRODUCTS_DIR; };
		6836C4F526A6C6D500F07205 /* AppDelegate.h */ = {isa = PBXFileReference; lastKnownFileType = sourcecode.c.h; path = AppDelegate.h; sourceTree = "<group>"; };
		6836C4F626A6C6D500F07205 /* AppDelegate.m */ = {isa = PBXFileReference; lastKnownFileType = sourcecode.c.objc; path = AppDelegate.m; sourceTree = "<group>"; };
		6836C4F826A6C6D500F07205 /* SceneDelegate.h */ = {isa = PBXFileReference; lastKnownFileType = sourcecode.c.h; path = SceneDelegate.h; sourceTree = "<group>"; };
		6836C4F926A6C6D500F07205 /* SceneDelegate.m */ = {isa = PBXFileReference; lastKnownFileType = sourcecode.c.objc; path = SceneDelegate.m; sourceTree = "<group>"; };
		6836C4FB26A6C6D500F07205 /* ViewController.h */ = {isa = PBXFileReference; lastKnownFileType = sourcecode.c.h; path = ViewController.h; sourceTree = "<group>"; };
		6836C4FC26A6C6D500F07205 /* ViewController.mm */ = {isa = PBXFileReference; lastKnownFileType = sourcecode.cpp.objcpp; path = ViewController.mm; sourceTree = "<group>"; };
		6836C4FF26A6C6D500F07205 /* Base */ = {isa = PBXFileReference; lastKnownFileType = file.storyboard; name = Base; path = Base.lproj/Main.storyboard; sourceTree = "<group>"; };
		6836C50126A6C6D600F07205 /* Assets.xcassets */ = {isa = PBXFileReference; lastKnownFileType = folder.assetcatalog; path = Assets.xcassets; sourceTree = "<group>"; };
		6836C50426A6C6D600F07205 /* Base */ = {isa = PBXFileReference; lastKnownFileType = file.storyboard; name = Base; path = Base.lproj/LaunchScreen.storyboard; sourceTree = "<group>"; };
		6836C50626A6C6D600F07205 /* Info.plist */ = {isa = PBXFileReference; lastKnownFileType = text.plist.xml; path = Info.plist; sourceTree = "<group>"; };
		6836C50726A6C6D600F07205 /* main.m */ = {isa = PBXFileReference; lastKnownFileType = sourcecode.c.objc; path = main.m; sourceTree = "<group>"; };
		6836C51826A6CFA300F07205 /* item_table.cpp */ = {isa = PBXFileReference; lastKnownFileType = sourcecode.cpp.cpp; path = item_table.cpp; sourceTree = "<group>"; };
		6836C51926A6CFA300F07205 /* item_table.hpp */ = {isa = PBXFileReference; lastKnownFileType = sourcecode.cpp.h; path = item_table.hpp; sourceTree = "<group>"; };
		6836C51C26A6D40F00F07205 /* user_item_table.cpp */ = {isa = PBXFileReference; lastKnownFileType = sourcecode.cpp.cpp; path = user_item_table.cpp; sourceTree = "<group>"; };
		6836C51D26A6D40F00F07205 /* user_item_table.hpp */ = {isa = PBXFileReference; lastKnownFileType = sourcecode.cpp.h; path = user_item_table.hpp; sourceTree = "<group>"; };
		684E9C5C26A7BC8200F85CC6 /* creature_table.cpp */ = {isa = PBXFileReference; lastKnownFileType = sourcecode.cpp.cpp; path = creature_table.cpp; sourceTree = "<group>"; };
		684E9C5D26A7BC8200F85CC6 /* creature_table.hpp */ = {isa = PBXFileReference; lastKnownFileType = sourcecode.cpp.h; path = creature_table.hpp; sourceTree = "<group>"; };
		6880EBB126A5C4FB0083E538 /* item.cpp */ = {isa = PBXFileReference; lastKnownFileType = sourcecode.cpp.cpp; path = item.cpp; sourceTree = "<group>"; };
		6880EBB226A5C4FB0083E538 /* item.hpp */ = {isa = PBXFileReference; lastKnownFileType = sourcecode.cpp.h; path = item.hpp; sourceTree = "<group>"; };
		68817B1926A6469E006FC791 /* creature.cpp */ = {isa = PBXFileReference; lastKnownFileType = sourcecode.cpp.cpp; path = creature.cpp; sourceTree = "<group>"; };
		68817B1A26A6469E006FC791 /* creature.hpp */ = {isa = PBXFileReference; lastKnownFileType = sourcecode.cpp.h; path = creature.hpp; sourceTree = "<group>"; };
		68817B1D26A67302006FC791 /* common.hpp */ = {isa = PBXFileReference; lastKnownFileType = sourcecode.cpp.h; path = common.hpp; sourceTree = "<group>"; };
		688F356726D8C33E006157B5 /* vector.cpp */ = {isa = PBXFileReference; fileEncoding = 4; lastKnownFileType = sourcecode.cpp.cpp; path = vector.cpp; sourceTree = "<group>"; };
		688F356826D8C33E006157B5 /* vector.hpp */ = {isa = PBXFileReference; fileEncoding = 4; lastKnownFileType = sourcecode.cpp.h; path = vector.hpp; sourceTree = "<group>"; };
		688F356A26D8C355006157B5 /* aoi_point.cpp */ = {isa = PBXFileReference; lastKnownFileType = sourcecode.cpp.cpp; path = aoi_point.cpp; sourceTree = "<group>"; };
		688F356B26D8C355006157B5 /* aoi_point.hpp */ = {isa = PBXFileReference; lastKnownFileType = sourcecode.cpp.h; path = aoi_point.hpp; sourceTree = "<group>"; };
		688F356E26D8C38D006157B5 /* README.md */ = {isa = PBXFileReference; lastKnownFileType = net.daringfireball.markdown; path = README.md; sourceTree = "<group>"; };
		688F356F26D8C3A8006157B5 /* aoi_hexagon.cpp */ = {isa = PBXFileReference; lastKnownFileType = sourcecode.cpp.cpp; path = aoi_hexagon.cpp; sourceTree = "<group>"; };
		688F357026D8C3A8006157B5 /* aoi_hexagon.hpp */ = {isa = PBXFileReference; lastKnownFileType = sourcecode.cpp.h; path = aoi_hexagon.hpp; sourceTree = "<group>"; };
		688F357326D8C67C006157B5 /* base_description.cpp */ = {isa = PBXFileReference; lastKnownFileType = sourcecode.cpp.cpp; path = base_description.cpp; sourceTree = "<group>"; };
		688F357426D8C67C006157B5 /* base_description.hpp */ = {isa = PBXFileReference; lastKnownFileType = sourcecode.cpp.h; path = base_description.hpp; sourceTree = "<group>"; };
		688F357626D8E3B0006157B5 /* aoi_square.cpp */ = {isa = PBXFileReference; lastKnownFileType = sourcecode.cpp.cpp; path = aoi_square.cpp; sourceTree = "<group>"; };
		688F357726D8E3B0006157B5 /* aoi_square.hpp */ = {isa = PBXFileReference; lastKnownFileType = sourcecode.cpp.h; path = aoi_square.hpp; sourceTree = "<group>"; };
		68B59FD426A9122B0083951D /* base_related_quest.cpp */ = {isa = PBXFileReference; lastKnownFileType = sourcecode.cpp.cpp; path = base_related_quest.cpp; sourceTree = "<group>"; };
		68B59FD526A9122B0083951D /* base_related_quest.hpp */ = {isa = PBXFileReference; lastKnownFileType = sourcecode.cpp.h; path = base_related_quest.hpp; sourceTree = "<group>"; };
		68B59FD826A913E30083951D /* quest.cpp */ = {isa = PBXFileReference; lastKnownFileType = sourcecode.cpp.cpp; path = quest.cpp; sourceTree = "<group>"; };
		68B59FD926A913E30083951D /* quest.hpp */ = {isa = PBXFileReference; lastKnownFileType = sourcecode.cpp.h; path = quest.hpp; sourceTree = "<group>"; };
		68B59FDB26A913FC0083951D /* quest_table.cpp */ = {isa = PBXFileReference; lastKnownFileType = sourcecode.cpp.cpp; path = quest_table.cpp; sourceTree = "<group>"; };
		68B59FDC26A913FC0083951D /* quest_table.hpp */ = {isa = PBXFileReference; lastKnownFileType = sourcecode.cpp.h; path = quest_table.hpp; sourceTree = "<group>"; };
		68B59FDE26A91AC20083951D /* quest_requirement.cpp */ = {isa = PBXFileReference; lastKnownFileType = sourcecode.cpp.cpp; path = quest_requirement.cpp; sourceTree = "<group>"; };
		68B59FDF26A91AC20083951D /* quest_requirement.hpp */ = {isa = PBXFileReference; lastKnownFileType = sourcecode.cpp.h; path = quest_requirement.hpp; sourceTree = "<group>"; };
		68B59FE126A943E60083951D /* base_check.cpp */ = {isa = PBXFileReference; lastKnownFileType = sourcecode.cpp.cpp; path = base_check.cpp; sourceTree = "<group>"; };
		68B59FE226A943E60083951D /* base_check.hpp */ = {isa = PBXFileReference; lastKnownFileType = sourcecode.cpp.h; path = base_check.hpp; sourceTree = "<group>"; };
		68B59FE426A945C40083951D /* quest_target.cpp */ = {isa = PBXFileReference; lastKnownFileType = sourcecode.cpp.cpp; path = quest_target.cpp; sourceTree = "<group>"; };
		68B59FE526A945C40083951D /* quest_target.hpp */ = {isa = PBXFileReference; lastKnownFileType = sourcecode.cpp.h; path = quest_target.hpp; sourceTree = "<group>"; };
		68B59FE726A945CC0083951D /* quest_reward.cpp */ = {isa = PBXFileReference; lastKnownFileType = sourcecode.cpp.cpp; path = quest_reward.cpp; sourceTree = "<group>"; };
		68B59FE826A945CC0083951D /* quest_reward.hpp */ = {isa = PBXFileReference; lastKnownFileType = sourcecode.cpp.h; path = quest_reward.hpp; sourceTree = "<group>"; };
		68B59FEA26A949510083951D /* user_quest_table.cpp */ = {isa = PBXFileReference; lastKnownFileType = sourcecode.cpp.cpp; path = user_quest_table.cpp; sourceTree = "<group>"; };
		68B59FEB26A949510083951D /* user_quest_table.hpp */ = {isa = PBXFileReference; lastKnownFileType = sourcecode.cpp.h; path = user_quest_table.hpp; sourceTree = "<group>"; };
		68B59FF726A94E970083951D /* base_count.cpp */ = {isa = PBXFileReference; lastKnownFileType = sourcecode.cpp.cpp; path = base_count.cpp; sourceTree = "<group>"; };
		68B59FF826A94E970083951D /* base_count.hpp */ = {isa = PBXFileReference; lastKnownFileType = sourcecode.cpp.h; path = base_count.hpp; sourceTree = "<group>"; };
		68B59FFB26A953E80083951D /* quest_requirement_table.cpp */ = {isa = PBXFileReference; lastKnownFileType = sourcecode.cpp.cpp; path = quest_requirement_table.cpp; sourceTree = "<group>"; };
		68B59FFC26A953E80083951D /* quest_requirement_table.hpp */ = {isa = PBXFileReference; lastKnownFileType = sourcecode.cpp.h; path = quest_requirement_table.hpp; sourceTree = "<group>"; };
		68B59FFF26A958990083951D /* quest_target_table.cpp */ = {isa = PBXFileReference; lastKnownFileType = sourcecode.cpp.cpp; path = quest_target_table.cpp; sourceTree = "<group>"; };
		68B5A00026A958990083951D /* quest_target_table.hpp */ = {isa = PBXFileReference; lastKnownFileType = sourcecode.cpp.h; path = quest_target_table.hpp; sourceTree = "<group>"; };
		68B5A00326A958A10083951D /* quest_reward_table.cpp */ = {isa = PBXFileReference; lastKnownFileType = sourcecode.cpp.cpp; path = quest_reward_table.cpp; sourceTree = "<group>"; };
		68B5A00426A958A10083951D /* quest_reward_table.hpp */ = {isa = PBXFileReference; lastKnownFileType = sourcecode.cpp.h; path = quest_reward_table.hpp; sourceTree = "<group>"; };
/* End PBXFileReference section */

/* Begin PBXFrameworksBuildPhase section */
		68157DDF26A17FAE00281589 /* Frameworks */ = {
			isa = PBXFrameworksBuildPhase;
			buildActionMask = 2147483647;
			files = (
			);
			runOnlyForDeploymentPostprocessing = 0;
		};
		6836C4F026A6C6D500F07205 /* Frameworks */ = {
			isa = PBXFrameworksBuildPhase;
			buildActionMask = 2147483647;
			files = (
			);
			runOnlyForDeploymentPostprocessing = 0;
		};
/* End PBXFrameworksBuildPhase section */

/* Begin PBXGroup section */
		68157DD926A17FAE00281589 = {
			isa = PBXGroup;
			children = (
				68157DE426A17FAE00281589 /* cogame */,
				6836C4F426A6C6D500F07205 /* demo */,
				68157DE326A17FAE00281589 /* Products */,
			);
			sourceTree = "<group>";
		};
		68157DE326A17FAE00281589 /* Products */ = {
			isa = PBXGroup;
			children = (
				68157DE226A17FAE00281589 /* cogame */,
				6836C4F326A6C6D500F07205 /* demo.app */,
			);
			name = Products;
			sourceTree = "<group>";
		};
		68157DE426A17FAE00281589 /* cogame */ = {
			isa = PBXGroup;
			children = (
				68157DE526A17FAE00281589 /* main.cpp */,
				68817B1D26A67302006FC791 /* common.hpp */,
				6836C4D026A6ADD200F07205 /* base */,
				688F356626D8C32D006157B5 /* server */,
				688F357226D8C461006157B5 /* game */,
				68157DFB26A18BDB00281589 /* cooldown.cpp */,
				68157DFC26A18BDB00281589 /* cooldown.hpp */,
				68157DFE26A18C0500281589 /* timer.cpp */,
				68157DFF26A18C0500281589 /* timer.hpp */,
			);
			path = cogame;
			sourceTree = "<group>";
		};
		6836C4D026A6ADD200F07205 /* base */ = {
			isa = PBXGroup;
			children = (
				6836C4D526A6AEB900F07205 /* base.hpp */,
				6836C4DA26A6B2BA00F07205 /* base_property.cpp */,
				6836C4DB26A6B2BA00F07205 /* base_property.hpp */,
				68B59FD426A9122B0083951D /* base_related_quest.cpp */,
				68B59FD526A9122B0083951D /* base_related_quest.hpp */,
				68B59FF726A94E970083951D /* base_count.cpp */,
				68B59FF826A94E970083951D /* base_count.hpp */,
				68B59FE126A943E60083951D /* base_check.cpp */,
				68B59FE226A943E60083951D /* base_check.hpp */,
				688F357326D8C67C006157B5 /* base_description.cpp */,
				688F357426D8C67C006157B5 /* base_description.hpp */,
			);
			path = base;
			sourceTree = "<group>";
		};
		6836C4F426A6C6D500F07205 /* demo */ = {
			isa = PBXGroup;
			children = (
				6836C4F526A6C6D500F07205 /* AppDelegate.h */,
				6836C4F626A6C6D500F07205 /* AppDelegate.m */,
				6836C4F826A6C6D500F07205 /* SceneDelegate.h */,
				6836C4F926A6C6D500F07205 /* SceneDelegate.m */,
				6836C4FB26A6C6D500F07205 /* ViewController.h */,
				6836C4FC26A6C6D500F07205 /* ViewController.mm */,
				6836C4FE26A6C6D500F07205 /* Main.storyboard */,
				6836C50126A6C6D600F07205 /* Assets.xcassets */,
				6836C50326A6C6D600F07205 /* LaunchScreen.storyboard */,
				6836C50626A6C6D600F07205 /* Info.plist */,
				6836C50726A6C6D600F07205 /* main.m */,
			);
			path = demo;
			sourceTree = "<group>";
		};
		6836C51726A6CF8D00F07205 /* item */ = {
			isa = PBXGroup;
			children = (
				6836C51826A6CFA300F07205 /* item_table.cpp */,
				6836C51926A6CFA300F07205 /* item_table.hpp */,
				6880EBB126A5C4FB0083E538 /* item.cpp */,
				6880EBB226A5C4FB0083E538 /* item.hpp */,
			);
			path = item;
			sourceTree = "<group>";
		};
		6836C51B26A6D40000F07205 /* user */ = {
			isa = PBXGroup;
			children = (
				6836C51C26A6D40F00F07205 /* user_item_table.cpp */,
				6836C51D26A6D40F00F07205 /* user_item_table.hpp */,
				68B59FEA26A949510083951D /* user_quest_table.cpp */,
				68B59FEB26A949510083951D /* user_quest_table.hpp */,
			);
			path = user;
			sourceTree = "<group>";
		};
		684E9C5B26A7BC7400F85CC6 /* creature */ = {
			isa = PBXGroup;
			children = (
				684E9C5C26A7BC8200F85CC6 /* creature_table.cpp */,
				684E9C5D26A7BC8200F85CC6 /* creature_table.hpp */,
				68817B1926A6469E006FC791 /* creature.cpp */,
				68817B1A26A6469E006FC791 /* creature.hpp */,
			);
			path = creature;
			sourceTree = "<group>";
		};
		688F356626D8C32D006157B5 /* server */ = {
			isa = PBXGroup;
			children = (
				688F356726D8C33E006157B5 /* vector.cpp */,
				688F356826D8C33E006157B5 /* vector.hpp */,
				688F356D26D8C385006157B5 /* aoi */,
			);
			path = server;
			sourceTree = "<group>";
		};
		688F356D26D8C385006157B5 /* aoi */ = {
			isa = PBXGroup;
			children = (
				688F356E26D8C38D006157B5 /* README.md */,
				688F356A26D8C355006157B5 /* aoi_point.cpp */,
				688F356B26D8C355006157B5 /* aoi_point.hpp */,
				688F356F26D8C3A8006157B5 /* aoi_hexagon.cpp */,
				688F357026D8C3A8006157B5 /* aoi_hexagon.hpp */,
				688F357626D8E3B0006157B5 /* aoi_square.cpp */,
				688F357726D8E3B0006157B5 /* aoi_square.hpp */,
			);
			path = aoi;
			sourceTree = "<group>";
		};
		688F357226D8C461006157B5 /* game */ = {
			isa = PBXGroup;
			children = (
				6836C51B26A6D40000F07205 /* user */,
				68B59FD726A913D20083951D /* quest */,
				6836C51726A6CF8D00F07205 /* item */,
				684E9C5B26A7BC7400F85CC6 /* creature */,
			);
			path = game;
			sourceTree = "<group>";
		};
		68B59FD726A913D20083951D /* quest */ = {
			isa = PBXGroup;
			children = (
				68B59FDB26A913FC0083951D /* quest_table.cpp */,
				68B59FDC26A913FC0083951D /* quest_table.hpp */,
				68B59FFB26A953E80083951D /* quest_requirement_table.cpp */,
				68B59FFC26A953E80083951D /* quest_requirement_table.hpp */,
				68B59FFF26A958990083951D /* quest_target_table.cpp */,
				68B5A00026A958990083951D /* quest_target_table.hpp */,
				68B5A00326A958A10083951D /* quest_reward_table.cpp */,
				68B5A00426A958A10083951D /* quest_reward_table.hpp */,
				68B59FD826A913E30083951D /* quest.cpp */,
				68B59FD926A913E30083951D /* quest.hpp */,
				68B59FDE26A91AC20083951D /* quest_requirement.cpp */,
				68B59FDF26A91AC20083951D /* quest_requirement.hpp */,
				68B59FE426A945C40083951D /* quest_target.cpp */,
				68B59FE526A945C40083951D /* quest_target.hpp */,
				68B59FE726A945CC0083951D /* quest_reward.cpp */,
				68B59FE826A945CC0083951D /* quest_reward.hpp */,
			);
			path = quest;
			sourceTree = "<group>";
		};
/* End PBXGroup section */

/* Begin PBXNativeTarget section */
		68157DE126A17FAE00281589 /* cogame */ = {
			isa = PBXNativeTarget;
			buildConfigurationList = 68157DE926A17FAE00281589 /* Build configuration list for PBXNativeTarget "cogame" */;
			buildPhases = (
				68157DDE26A17FAE00281589 /* Sources */,
				68157DDF26A17FAE00281589 /* Frameworks */,
				68157DE026A17FAE00281589 /* CopyFiles */,
			);
			buildRules = (
			);
			dependencies = (
			);
			name = cogame;
			productName = cogame;
			productReference = 68157DE226A17FAE00281589 /* cogame */;
			productType = "com.apple.product-type.tool";
		};
		6836C4F226A6C6D500F07205 /* demo */ = {
			isa = PBXNativeTarget;
			buildConfigurationList = 6836C50926A6C6D600F07205 /* Build configuration list for PBXNativeTarget "demo" */;
			buildPhases = (
				6836C4EF26A6C6D500F07205 /* Sources */,
				6836C4F026A6C6D500F07205 /* Frameworks */,
				6836C4F126A6C6D500F07205 /* Resources */,
			);
			buildRules = (
			);
			dependencies = (
			);
			name = demo;
			productName = demo;
			productReference = 6836C4F326A6C6D500F07205 /* demo.app */;
			productType = "com.apple.product-type.application";
		};
/* End PBXNativeTarget section */

/* Begin PBXProject section */
		68157DDA26A17FAE00281589 /* Project object */ = {
			isa = PBXProject;
			attributes = {
				LastUpgradeCheck = 1250;
				TargetAttributes = {
					68157DE126A17FAE00281589 = {
						CreatedOnToolsVersion = 12.5.1;
					};
					6836C4F226A6C6D500F07205 = {
						CreatedOnToolsVersion = 12.5.1;
					};
				};
			};
			buildConfigurationList = 68157DDD26A17FAE00281589 /* Build configuration list for PBXProject "cogame" */;
			compatibilityVersion = "Xcode 9.3";
			developmentRegion = en;
			hasScannedForEncodings = 0;
			knownRegions = (
				en,
				Base,
			);
			mainGroup = 68157DD926A17FAE00281589;
			productRefGroup = 68157DE326A17FAE00281589 /* Products */;
			projectDirPath = "";
			projectRoot = "";
			targets = (
				68157DE126A17FAE00281589 /* cogame */,
				6836C4F226A6C6D500F07205 /* demo */,
			);
		};
/* End PBXProject section */

/* Begin PBXResourcesBuildPhase section */
		6836C4F126A6C6D500F07205 /* Resources */ = {
			isa = PBXResourcesBuildPhase;
			buildActionMask = 2147483647;
			files = (
				6836C50526A6C6D600F07205 /* LaunchScreen.storyboard in Resources */,
				6836C50226A6C6D600F07205 /* Assets.xcassets in Resources */,
				6836C50026A6C6D500F07205 /* Main.storyboard in Resources */,
			);
			runOnlyForDeploymentPostprocessing = 0;
		};
/* End PBXResourcesBuildPhase section */

/* Begin PBXSourcesBuildPhase section */
		68157DDE26A17FAE00281589 /* Sources */ = {
			isa = PBXSourcesBuildPhase;
			buildActionMask = 2147483647;
			files = (
				688F357126D8C3A8006157B5 /* aoi_hexagon.cpp in Sources */,
				68157DE626A17FAE00281589 /* main.cpp in Sources */,
				68B59FE326A943E60083951D /* base_check.cpp in Sources */,
				68B59FEC26A949510083951D /* user_quest_table.cpp in Sources */,
				684E9C5E26A7BC8200F85CC6 /* creature_table.cpp in Sources */,
				688F356926D8C33E006157B5 /* vector.cpp in Sources */,
				68817B1B26A6469E006FC791 /* creature.cpp in Sources */,
				6836C51A26A6CFA300F07205 /* item_table.cpp in Sources */,
				68B5A00126A958990083951D /* quest_target_table.cpp in Sources */,
				6836C51E26A6D40F00F07205 /* user_item_table.cpp in Sources */,
				688F356C26D8C355006157B5 /* aoi_point.cpp in Sources */,
				68B59FDD26A913FC0083951D /* quest_table.cpp in Sources */,
				68B5A00526A958A10083951D /* quest_reward_table.cpp in Sources */,
				68B59FE926A945CC0083951D /* quest_reward.cpp in Sources */,
				68157DFD26A18BDB00281589 /* cooldown.cpp in Sources */,
				68B59FDA26A913E30083951D /* quest.cpp in Sources */,
				688F357526D8C67C006157B5 /* base_description.cpp in Sources */,
				6880EBB326A5C4FB0083E538 /* item.cpp in Sources */,
				688F357826D8E3B0006157B5 /* aoi_square.cpp in Sources */,
				68B59FE626A945C40083951D /* quest_target.cpp in Sources */,
				68B59FFD26A953E80083951D /* quest_requirement_table.cpp in Sources */,
				68B59FD626A9122B0083951D /* base_related_quest.cpp in Sources */,
				68B59FF926A94E970083951D /* base_count.cpp in Sources */,
				68B59FE026A91AC20083951D /* quest_requirement.cpp in Sources */,
				6836C4DC26A6B2BA00F07205 /* base_property.cpp in Sources */,
				68157E0026A18C0500281589 /* timer.cpp in Sources */,
			);
			runOnlyForDeploymentPostprocessing = 0;
		};
		6836C4EF26A6C6D500F07205 /* Sources */ = {
			isa = PBXSourcesBuildPhase;
			buildActionMask = 2147483647;
			files = (
				68B59FEF26A9498A0083951D /* base_check.cpp in Sources */,
				68B59FF626A9499E0083951D /* creature_table.cpp in Sources */,
				6836C4FD26A6C6D500F07205 /* ViewController.mm in Sources */,
				6836C50C26A6C7C200F07205 /* base_property.cpp in Sources */,
				6836C51126A6C7CC00F07205 /* cooldown.cpp in Sources */,
				68B59FEE26A949870083951D /* base_related_quest.cpp in Sources */,
				6836C52326A6D5F200F07205 /* user_item_table.cpp in Sources */,
				68B59FFE26A953E80083951D /* quest_requirement_table.cpp in Sources */,
				6836C51626A6C7CC00F07205 /* item.cpp in Sources */,
				68B59FF226A949940083951D /* quest_reward.cpp in Sources */,
				68B59FF526A949980083951D /* item_table.cpp in Sources */,
				6836C51026A6C7CC00F07205 /* creature.cpp in Sources */,
				68B5A00626A958A10083951D /* quest_reward_table.cpp in Sources */,
				68B59FFA26A94E9B0083951D /* base_count.cpp in Sources */,
				6836C4F726A6C6D500F07205 /* AppDelegate.m in Sources */,
				68B59FF326A949940083951D /* quest_target.cpp in Sources */,
				68B5A00226A958990083951D /* quest_target_table.cpp in Sources */,
				6836C50826A6C6D600F07205 /* main.m in Sources */,
				68B59FF426A949940083951D /* quest_requirement.cpp in Sources */,
				68B59FED26A949830083951D /* user_quest_table.cpp in Sources */,
				68B59FF126A9498F0083951D /* quest.cpp in Sources */,
				68B59FF026A9498D0083951D /* quest_table.cpp in Sources */,
				6836C51426A6C7CC00F07205 /* timer.cpp in Sources */,
				6836C4FA26A6C6D500F07205 /* SceneDelegate.m in Sources */,
			);
			runOnlyForDeploymentPostprocessing = 0;
		};
/* End PBXSourcesBuildPhase section */

/* Begin PBXVariantGroup section */
		6836C4FE26A6C6D500F07205 /* Main.storyboard */ = {
			isa = PBXVariantGroup;
			children = (
				6836C4FF26A6C6D500F07205 /* Base */,
			);
			name = Main.storyboard;
			sourceTree = "<group>";
		};
		6836C50326A6C6D600F07205 /* LaunchScreen.storyboard */ = {
			isa = PBXVariantGroup;
			children = (
				6836C50426A6C6D600F07205 /* Base */,
			);
			name = LaunchScreen.storyboard;
			sourceTree = "<group>";
		};
/* End PBXVariantGroup section */

/* Begin XCBuildConfiguration section */
		68157DE726A17FAE00281589 /* Debug */ = {
			isa = XCBuildConfiguration;
			buildSettings = {
				ALWAYS_SEARCH_USER_PATHS = NO;
				CLANG_ANALYZER_NONNULL = YES;
				CLANG_ANALYZER_NUMBER_OBJECT_CONVERSION = YES_AGGRESSIVE;
				CLANG_CXX_LANGUAGE_STANDARD = "gnu++14";
				CLANG_CXX_LIBRARY = "libc++";
				CLANG_ENABLE_MODULES = YES;
				CLANG_ENABLE_OBJC_ARC = YES;
				CLANG_ENABLE_OBJC_WEAK = YES;
				CLANG_WARN_BLOCK_CAPTURE_AUTORELEASING = YES;
				CLANG_WARN_BOOL_CONVERSION = YES;
				CLANG_WARN_COMMA = YES;
				CLANG_WARN_CONSTANT_CONVERSION = YES;
				CLANG_WARN_DEPRECATED_OBJC_IMPLEMENTATIONS = YES;
				CLANG_WARN_DIRECT_OBJC_ISA_USAGE = YES_ERROR;
				CLANG_WARN_DOCUMENTATION_COMMENTS = YES;
				CLANG_WARN_EMPTY_BODY = YES;
				CLANG_WARN_ENUM_CONVERSION = YES;
				CLANG_WARN_INFINITE_RECURSION = YES;
				CLANG_WARN_INT_CONVERSION = YES;
				CLANG_WARN_NON_LITERAL_NULL_CONVERSION = YES;
				CLANG_WARN_OBJC_IMPLICIT_RETAIN_SELF = YES;
				CLANG_WARN_OBJC_LITERAL_CONVERSION = YES;
				CLANG_WARN_OBJC_ROOT_CLASS = YES_ERROR;
				CLANG_WARN_QUOTED_INCLUDE_IN_FRAMEWORK_HEADER = YES;
				CLANG_WARN_RANGE_LOOP_ANALYSIS = YES;
				CLANG_WARN_STRICT_PROTOTYPES = YES;
				CLANG_WARN_SUSPICIOUS_MOVE = YES;
				CLANG_WARN_UNGUARDED_AVAILABILITY = YES_AGGRESSIVE;
				CLANG_WARN_UNREACHABLE_CODE = YES;
				CLANG_WARN__DUPLICATE_METHOD_MATCH = YES;
				COPY_PHASE_STRIP = NO;
				DEBUG_INFORMATION_FORMAT = dwarf;
				ENABLE_STRICT_OBJC_MSGSEND = YES;
				ENABLE_TESTABILITY = YES;
				FRAMEWORK_SEARCH_PATHS = "$(BOOST_LIB)";
				GCC_C_LANGUAGE_STANDARD = gnu11;
				GCC_DYNAMIC_NO_PIC = NO;
				GCC_NO_COMMON_BLOCKS = YES;
				GCC_OPTIMIZATION_LEVEL = 0;
				GCC_PREPROCESSOR_DEFINITIONS = (
					"DEBUG=1",
					"$(inherited)",
				);
				GCC_WARN_64_TO_32_BIT_CONVERSION = YES;
				GCC_WARN_ABOUT_RETURN_TYPE = YES_ERROR;
				GCC_WARN_UNDECLARED_SELECTOR = YES;
				GCC_WARN_UNINITIALIZED_AUTOS = YES_AGGRESSIVE;
				GCC_WARN_UNUSED_FUNCTION = YES;
				GCC_WARN_UNUSED_VARIABLE = YES;
				HEADER_SEARCH_PATHS = "$(BOOST_HEADER)";
				IPHONEOS_DEPLOYMENT_TARGET = 11.2;
				MACOSX_DEPLOYMENT_TARGET = 11.0;
				MTL_ENABLE_DEBUG_INFO = INCLUDE_SOURCE;
				MTL_FAST_MATH = YES;
				ONLY_ACTIVE_ARCH = YES;
				SDKROOT = macosx;
			};
			name = Debug;
		};
		68157DE826A17FAE00281589 /* Release */ = {
			isa = XCBuildConfiguration;
			buildSettings = {
				ALWAYS_SEARCH_USER_PATHS = NO;
				CLANG_ANALYZER_NONNULL = YES;
				CLANG_ANALYZER_NUMBER_OBJECT_CONVERSION = YES_AGGRESSIVE;
				CLANG_CXX_LANGUAGE_STANDARD = "gnu++14";
				CLANG_CXX_LIBRARY = "libc++";
				CLANG_ENABLE_MODULES = YES;
				CLANG_ENABLE_OBJC_ARC = YES;
				CLANG_ENABLE_OBJC_WEAK = YES;
				CLANG_WARN_BLOCK_CAPTURE_AUTORELEASING = YES;
				CLANG_WARN_BOOL_CONVERSION = YES;
				CLANG_WARN_COMMA = YES;
				CLANG_WARN_CONSTANT_CONVERSION = YES;
				CLANG_WARN_DEPRECATED_OBJC_IMPLEMENTATIONS = YES;
				CLANG_WARN_DIRECT_OBJC_ISA_USAGE = YES_ERROR;
				CLANG_WARN_DOCUMENTATION_COMMENTS = YES;
				CLANG_WARN_EMPTY_BODY = YES;
				CLANG_WARN_ENUM_CONVERSION = YES;
				CLANG_WARN_INFINITE_RECURSION = YES;
				CLANG_WARN_INT_CONVERSION = YES;
				CLANG_WARN_NON_LITERAL_NULL_CONVERSION = YES;
				CLANG_WARN_OBJC_IMPLICIT_RETAIN_SELF = YES;
				CLANG_WARN_OBJC_LITERAL_CONVERSION = YES;
				CLANG_WARN_OBJC_ROOT_CLASS = YES_ERROR;
				CLANG_WARN_QUOTED_INCLUDE_IN_FRAMEWORK_HEADER = YES;
				CLANG_WARN_RANGE_LOOP_ANALYSIS = YES;
				CLANG_WARN_STRICT_PROTOTYPES = YES;
				CLANG_WARN_SUSPICIOUS_MOVE = YES;
				CLANG_WARN_UNGUARDED_AVAILABILITY = YES_AGGRESSIVE;
				CLANG_WARN_UNREACHABLE_CODE = YES;
				CLANG_WARN__DUPLICATE_METHOD_MATCH = YES;
				COPY_PHASE_STRIP = NO;
				DEBUG_INFORMATION_FORMAT = "dwarf-with-dsym";
				ENABLE_NS_ASSERTIONS = NO;
				ENABLE_STRICT_OBJC_MSGSEND = YES;
				FRAMEWORK_SEARCH_PATHS = "$(BOOST_LIB)";
				GCC_C_LANGUAGE_STANDARD = gnu11;
				GCC_NO_COMMON_BLOCKS = YES;
				GCC_WARN_64_TO_32_BIT_CONVERSION = YES;
				GCC_WARN_ABOUT_RETURN_TYPE = YES_ERROR;
				GCC_WARN_UNDECLARED_SELECTOR = YES;
				GCC_WARN_UNINITIALIZED_AUTOS = YES_AGGRESSIVE;
				GCC_WARN_UNUSED_FUNCTION = YES;
				GCC_WARN_UNUSED_VARIABLE = YES;
				HEADER_SEARCH_PATHS = "$(BOOST_HEADER)";
				IPHONEOS_DEPLOYMENT_TARGET = 11.2;
				MACOSX_DEPLOYMENT_TARGET = 11.0;
				MTL_ENABLE_DEBUG_INFO = NO;
				MTL_FAST_MATH = YES;
				SDKROOT = macosx;
			};
			name = Release;
		};
		68157DEA26A17FAE00281589 /* Debug */ = {
			isa = XCBuildConfiguration;
			buildSettings = {
				CLANG_CXX_LANGUAGE_STANDARD = "c++2a";
				CODE_SIGN_STYLE = Automatic;
				FRAMEWORK_SEARCH_PATHS = "$(inherited)";
				GCC_C_LANGUAGE_STANDARD = c11;
				HEADER_SEARCH_PATHS = "$(inherited)";
				PRODUCT_NAME = "$(TARGET_NAME)";
			};
			name = Debug;
		};
		68157DEB26A17FAE00281589 /* Release */ = {
			isa = XCBuildConfiguration;
			buildSettings = {
				CLANG_CXX_LANGUAGE_STANDARD = "c++2a";
				CODE_SIGN_STYLE = Automatic;
				FRAMEWORK_SEARCH_PATHS = "$(inherited)";
				GCC_C_LANGUAGE_STANDARD = c11;
				HEADER_SEARCH_PATHS = "$(inherited)";
				PRODUCT_NAME = "$(TARGET_NAME)";
			};
			name = Release;
		};
		6836C50A26A6C6D600F07205 /* Debug */ = {
			isa = XCBuildConfiguration;
			buildSettings = {
				ASSETCATALOG_COMPILER_APPICON_NAME = AppIcon;
				ASSETCATALOG_COMPILER_GLOBAL_ACCENT_COLOR_NAME = AccentColor;
				CLANG_CXX_LANGUAGE_STANDARD = "c++2a";
				CODE_SIGN_STYLE = Automatic;
				FRAMEWORK_SEARCH_PATHS = "$(inherited)";
				GCC_C_LANGUAGE_STANDARD = c11;
				HEADER_SEARCH_PATHS = "$(inherited)";
				INFOPLIST_FILE = demo/Info.plist;
				IPHONEOS_DEPLOYMENT_TARGET = 14.5;
				LD_RUNPATH_SEARCH_PATHS = (
					"$(inherited)",
					"@executable_path/Frameworks",
				);
				PRODUCT_BUNDLE_IDENTIFIER = com.cosmojulis.demo;
				PRODUCT_NAME = "$(TARGET_NAME)";
				SDKROOT = iphoneos;
				TARGETED_DEVICE_FAMILY = "1,2";
			};
			name = Debug;
		};
		6836C50B26A6C6D600F07205 /* Release */ = {
			isa = XCBuildConfiguration;
			buildSettings = {
				ASSETCATALOG_COMPILER_APPICON_NAME = AppIcon;
				ASSETCATALOG_COMPILER_GLOBAL_ACCENT_COLOR_NAME = AccentColor;
				CLANG_CXX_LANGUAGE_STANDARD = "c++2a";
				CODE_SIGN_STYLE = Automatic;
				FRAMEWORK_SEARCH_PATHS = "$(inherited)";
				GCC_C_LANGUAGE_STANDARD = c11;
				HEADER_SEARCH_PATHS = "$(inherited)";
				INFOPLIST_FILE = demo/Info.plist;
				IPHONEOS_DEPLOYMENT_TARGET = 14.5;
				LD_RUNPATH_SEARCH_PATHS = (
					"$(inherited)",
					"@executable_path/Frameworks",
				);
				PRODUCT_BUNDLE_IDENTIFIER = com.cosmojulis.demo;
				PRODUCT_NAME = "$(TARGET_NAME)";
				SDKROOT = iphoneos;
				TARGETED_DEVICE_FAMILY = "1,2";
				VALIDATE_PRODUCT = YES;
			};
			name = Release;
		};
/* End XCBuildConfiguration section */

/* Begin XCConfigurationList section */
		68157DDD26A17FAE00281589 /* Build configuration list for PBXProject "cogame" */ = {
			isa = XCConfigurationList;
			buildConfigurations = (
				68157DE726A17FAE00281589 /* Debug */,
				68157DE826A17FAE00281589 /* Release */,
			);
			defaultConfigurationIsVisible = 0;
			defaultConfigurationName = Release;
		};
		68157DE926A17FAE00281589 /* Build configuration list for PBXNativeTarget "cogame" */ = {
			isa = XCConfigurationList;
			buildConfigurations = (
				68157DEA26A17FAE00281589 /* Debug */,
				68157DEB26A17FAE00281589 /* Release */,
			);
			defaultConfigurationIsVisible = 0;
			defaultConfigurationName = Release;
		};
		6836C50926A6C6D600F07205 /* Build configuration list for PBXNativeTarget "demo" */ = {
			isa = XCConfigurationList;
			buildConfigurations = (
				6836C50A26A6C6D600F07205 /* Debug */,
				6836C50B26A6C6D600F07205 /* Release */,
			);
			defaultConfigurationIsVisible = 0;
			defaultConfigurationName = Release;
		};
/* End XCConfigurationList section */
	};
	rootObject = 68157DDA26A17FAE00281589 /* Project object */;
}
